{
  "name": "Mbody_prjt",
  "lockfileVersion": 2,
  "requires": true,
  "packages": {
    "": {
      "dependencies": {
        "rateyo": "^3.0.0-alpha.2"
      },
      "devDependencies": {
        "@hotwired/stimulus": "^3.0.0",
        "@symfony/ux-chartjs": "file:vendor/symfony/ux-chartjs/Resources/assets",
        "chart.js": "^3.4.1"
      }
    },
    "node_modules/@hotwired/stimulus": {
      "version": "3.0.1",
      "resolved": "https://registry.npmjs.org/@hotwired/stimulus/-/stimulus-3.0.1.tgz",
      "integrity": "sha512-oHsJhgY2cip+K2ED7vKUNd2P+BEswVhrCYcJ802DSsblJFv7mPFVk3cQKvm2vHgHeDVdnj7oOKrBbzp1u8D+KA==",
      "dev": true
    },
    "node_modules/@symfony/ux-chartjs": {
      "resolved": "vendor/symfony/ux-chartjs/Resources/assets",
      "link": true
    },
    "node_modules/@types/chart.js": {
      "version": "2.9.35",
      "resolved": "https://registry.npmjs.org/@types/chart.js/-/chart.js-2.9.35.tgz",
      "integrity": "sha512-MWx/zZlh4wHBbM4Tm4YsZyYGb1/LkTiFLFwX/FXb0EJCvXX2xWTRHwlJ2RAAEXWxLrOdaAWP8vFtJXny+4CpEw==",
      "dev": true,
      "dependencies": {
        "moment": "^2.10.2"
      }
    },
    "node_modules/chart.js": {
      "version": "3.7.1",
      "resolved": "https://registry.npmjs.org/chart.js/-/chart.js-3.7.1.tgz",
      "integrity": "sha512-8knRegQLFnPQAheZV8MjxIXc5gQEfDFD897BJgv/klO/vtIyFFmgMXrNfgrXpbTr/XbTturxRgxIXx/Y+ASJBA==",
      "dev": true
    },
    "node_modules/color-name": {
      "version": "1.1.4",
      "resolved": "https://registry.npmjs.org/color-name/-/color-name-1.1.4.tgz",
      "integrity": "sha512-dOy+3AuW3a2wNbZHIuMZpTcgjGuLU/uBL/ubcZF9OXbDo8ff4O8yVp5Bf0efS8uEoYo5q4Fx7dY9OgQGXgAsQA==",
      "dev": true
    },
    "node_modules/cssfontparser": {
      "version": "1.2.1",
      "resolved": "https://registry.npmjs.org/cssfontparser/-/cssfontparser-1.2.1.tgz",
      "integrity": "sha1-9AIvyPlwDGgCnVQghK+69CWj8+M=",
      "dev": true
    },
    "node_modules/jest-canvas-mock": {
      "version": "2.3.1",
      "resolved": "https://registry.npmjs.org/jest-canvas-mock/-/jest-canvas-mock-2.3.1.tgz",
      "integrity": "sha512-5FnSZPrX3Q2ZfsbYNE3wqKR3+XorN8qFzDzB5o0golWgt6EOX1+emBnpOc9IAQ+NXFj8Nzm3h7ZdE/9H0ylBcg==",
      "dev": true,
      "dependencies": {
        "cssfontparser": "^1.2.1",
        "moo-color": "^1.0.2"
      }
    },
    "node_modules/moment": {
      "version": "2.29.1",
      "resolved": "https://registry.npmjs.org/moment/-/moment-2.29.1.tgz",
      "integrity": "sha512-kHmoybcPV8Sqy59DwNDY3Jefr64lK/by/da0ViFcuA4DH0vQg5Q6Ze5VimxkfQNSC+Mls/Kx53s7TjP1RhFEDQ==",
      "dev": true,
      "engines": {
        "node": "*"
      }
    },
    "node_modules/moo-color": {
      "version": "1.0.2",
      "resolved": "https://registry.npmjs.org/moo-color/-/moo-color-1.0.2.tgz",
      "integrity": "sha512-5iXz5n9LWQzx/C2WesGFfpE6RLamzdHwsn3KpfzShwbfIqs7stnoEpaNErf/7+3mbxwZ4s8Foq7I0tPxw7BWHg==",
      "dev": true,
      "dependencies": {
        "color-name": "^1.1.4"
      }
    },
    "node_modules/rateyo": {
      "version": "3.0.0-alpha.2",
      "resolved": "https://registry.npmjs.org/rateyo/-/rateyo-3.0.0-alpha.2.tgz",
      "integrity": "sha512-2SQnLpo0j1aWa5na28mpPjT73YNpt7Z58W5MqahqTAs0KmPdbjlbrFctDHd2NyaZfBiQoRFpK92ZzOm4NX92SQ==",
      "engines": {
        "node": ">=10.16.2",
        "npm": ">=4.0.0"
      }
    },
    "node_modules/resize-observer-polyfill": {
      "version": "1.5.1",
      "resolved": "https://registry.npmjs.org/resize-observer-polyfill/-/resize-observer-polyfill-1.5.1.tgz",
      "integrity": "sha512-LwZrotdHOo12nQuZlHEmtuXdqGoOD0OhaxopaNFxWzInpEgaLWoVuAMbTzixuosCx2nEG58ngzW3vxdWoxIgdg==",
      "dev": true
    },
    "vendor/symfony/ux-chartjs/Resources/assets": {
      "name": "@symfony/ux-chartjs",
      "version": "1.1.0",
      "dev": true,
      "license": "MIT",
      "devDependencies": {
        "@hotwired/stimulus": "^3.0.0",
        "@types/chart.js": "^2.9.34",
        "chart.js": "^3.4.1",
        "jest-canvas-mock": "^2.3.0",
        "resize-observer-polyfill": "^1.5.1"
      },
      "peerDependencies": {
        "@hotwired/stimulus": "^3.0.0",
        "chart.js": "^3.4.1"
      }
    }
  },
  "dependencies": {
    "@hotwired/stimulus": {
      "version": "3.0.1",
      "resolved": "https://registry.npmjs.org/@hotwired/stimulus/-/stimulus-3.0.1.tgz",
      "integrity": "sha512-oHsJhgY2cip+K2ED7vKUNd2P+BEswVhrCYcJ802DSsblJFv7mPFVk3cQKvm2vHgHeDVdnj7oOKrBbzp1u8D+KA==",
      "dev": true
    },
    "@symfony/ux-chartjs": {
      "version": "file:vendor/symfony/ux-chartjs/Resources/assets",
      "requires": {
        "@hotwired/stimulus": "^3.0.0",
        "@types/chart.js": "^2.9.34",
        "chart.js": "^3.4.1",
        "jest-canvas-mock": "^2.3.0",
        "resize-observer-polyfill": "^1.5.1"
      }
    },
    "@types/chart.js": {
      "version": "2.9.35",
      "resolved": "https://registry.npmjs.org/@types/chart.js/-/chart.js-2.9.35.tgz",
      "integrity": "sha512-MWx/zZlh4wHBbM4Tm4YsZyYGb1/LkTiFLFwX/FXb0EJCvXX2xWTRHwlJ2RAAEXWxLrOdaAWP8vFtJXny+4CpEw==",
      "dev": true,
      "requires": {
        "moment": "^2.10.2"
      }
    },
    "chart.js": {
      "version": "3.7.1",
      "resolved": "https://registry.npmjs.org/chart.js/-/chart.js-3.7.1.tgz",
      "integrity": "sha512-8knRegQLFnPQAheZV8MjxIXc5gQEfDFD897BJgv/klO/vtIyFFmgMXrNfgrXpbTr/XbTturxRgxIXx/Y+ASJBA==",
      "dev": true
    },
    "color-name": {
      "version": "1.1.4",
      "resolved": "https://registry.npmjs.org/color-name/-/color-name-1.1.4.tgz",
      "integrity": "sha512-dOy+3AuW3a2wNbZHIuMZpTcgjGuLU/uBL/ubcZF9OXbDo8ff4O8yVp5Bf0efS8uEoYo5q4Fx7dY9OgQGXgAsQA==",
      "dev": true
    },
    "cssfontparser": {
      "version": "1.2.1",
      "resolved": "https://registry.npmjs.org/cssfontparser/-/cssfontparser-1.2.1.tgz",
      "integrity": "sha1-9AIvyPlwDGgCnVQghK+69CWj8+M=",
      "dev": true
    },
    "jest-canvas-mock": {
      "version": "2.3.1",
      "resolved": "https://registry.npmjs.org/jest-canvas-mock/-/jest-canvas-mock-2.3.1.tgz",
      "integrity": "sha512-5FnSZPrX3Q2ZfsbYNE3wqKR3+XorN8qFzDzB5o0golWgt6EOX1+emBnpOc9IAQ+NXFj8Nzm3h7ZdE/9H0ylBcg==",
      "dev": true,
      "requires": {
        "cssfontparser": "^1.2.1",
        "moo-color": "^1.0.2"
      }
    },
    "moment": {
      "version": "2.29.1",
      "resolved": "https://registry.npmjs.org/moment/-/moment-2.29.1.tgz",
      "integrity": "sha512-kHmoybcPV8Sqy59DwNDY3Jefr64lK/by/da0ViFcuA4DH0vQg5Q6Ze5VimxkfQNSC+Mls/Kx53s7TjP1RhFEDQ==",
      "dev": true
    },
    "moo-color": {
      "version": "1.0.2",
      "resolved": "https://registry.npmjs.org/moo-color/-/moo-color-1.0.2.tgz",
      "integrity": "sha512-5iXz5n9LWQzx/C2WesGFfpE6RLamzdHwsn3KpfzShwbfIqs7stnoEpaNErf/7+3mbxwZ4s8Foq7I0tPxw7BWHg==",
      "dev": true,
      "requires": {
        "color-name": "^1.1.4"
      }
    },
    "rateyo": {
      "version": "3.0.0-alpha.2",
      "resolved": "https://registry.npmjs.org/rateyo/-/rateyo-3.0.0-alpha.2.tgz",
      "integrity": "sha512-2SQnLpo0j1aWa5na28mpPjT73YNpt7Z58W5MqahqTAs0KmPdbjlbrFctDHd2NyaZfBiQoRFpK92ZzOm4NX92SQ=="
    },
    "resize-observer-polyfill": {
      "version": "1.5.1",
      "resolved": "https://registry.npmjs.org/resize-observer-polyfill/-/resize-observer-polyfill-1.5.1.tgz",
      "integrity": "sha512-LwZrotdHOo12nQuZlHEmtuXdqGoOD0OhaxopaNFxWzInpEgaLWoVuAMbTzixuosCx2nEG58ngzW3vxdWoxIgdg==",
      "dev": true
    }
  }
}
